
Microsoft Visual Studio Solution File, Format Version 12.00
# Visual Studio 15
VisualStudioVersion = 15.0.26730.16
MinimumVisualStudioVersion = 10.0.40219.1
Project("{8BC9CEB8-8B4A-11D0-8D11-00A0C91BC942}") = "biting-canvans", "biting-canvans\biting-canvans.vcxproj", "{211DEBD1-E057-4357-AD60-429BF85F997D}"
EndProject
Project("{8BC9CEB8-8B4A-11D0-8D11-00A0C91BC942}") = "magic-spiral", "magic-spiral\magic-spiral.vcxproj", "{17640E84-73CC-4EED-90A2-D2721A652D4F}"
EndProject
Project("{8BC9CEB8-8B4A-11D0-8D11-00A0C91BC942}") = "space-jump", "space-jump\space-jump.vcxproj", "{F6149168-D1B1-4DF5-B1F9-C85B9C16D41E}"
EndProject
Global
	GlobalSection(SolutionConfigurationPlatforms) = preSolution
		Debug|x64 = Debug|x64
		Debug|x86 = Debug|x86
		Release|x64 = Release|x64
		Release|x86 = Release|x86
	EndGlobalSection
	GlobalSection(ProjectConfigurationPlatforms) = postSolution
		{211DEBD1-E057-4357-AD60-429BF85F997D}.Debug|x64.ActiveCfg = Debug|x64
		{211DEBD1-E057-4357-AD60-429BF85F997D}.Debug|x64.Build.0 = Debug|x64
		{211DEBD1-E057-4357-AD60-429BF85F997D}.Debug|x86.ActiveCfg = Debug|Win32
		{211DEBD1-E057-4357-AD60-429BF85F997D}.Debug|x86.Build.0 = Debug|Win32
		{211DEBD1-E057-4357-AD60-429BF85F997D}.Release|x64.ActiveCfg = Release|x64
		{211DEBD1-E057-4357-AD60-429BF85F997D}.Release|x64.Build.0 = Release|x64
		{211DEBD1-E057-4357-AD60-429BF85F997D}.Release|x86.ActiveCfg = Release|Win32
		{211DEBD1-E057-4357-AD60-429BF85F997D}.Release|x86.Build.0 = Release|Win32
		{17640E84-73CC-4EED-90A2-D2721A652D4F}.Debug|x64.ActiveCfg = Debug|x64
		{17640E84-73CC-4EED-90A2-D2721A652D4F}.Debug|x64.Build.0 = Debug|x64
		{17640E84-73CC-4EED-90A2-D2721A652D4F}.Debug|x86.ActiveCfg = Debug|Win32
		{17640E84-73CC-4EED-90A2-D2721A652D4F}.Debug|x86.Build.0 = Debug|Win32
		{17640E84-73CC-4EED-90A2-D2721A652D4F}.Release|x64.ActiveCfg = Release|x64
		{17640E84-73CC-4EED-90A2-D2721A652D4F}.Release|x64.Build.0 = Release|x64
		{17640E84-73CC-4EED-90A2-D2721A652D4F}.Release|x86.ActiveCfg = Release|Win32
		{17640E84-73CC-4EED-90A2-D2721A652D4F}.Release|x86.Build.0 = Release|Win32
		{F6149168-D1B1-4DF5-B1F9-C85B9C16D41E}.Debug|x64.ActiveCfg = Debug|x64
		{F6149168-D1B1-4DF5-B1F9-C85B9C16D41E}.Debug|x64.Build.0 = Debug|x64
		{F6149168-D1B1-4DF5-B1F9-C85B9C16D41E}.Debug|x86.ActiveCfg = Debug|Win32
		{F6149168-D1B1-4DF5-B1F9-C85B9C16D41E}.Debug|x86.Build.0 = Debug|Win32
		{F6149168-D1B1-4DF5-B1F9-C85B9C16D41E}.Release|x64.ActiveCfg = Release|x64
		{F6149168-D1B1-4DF5-B1F9-C85B9C16D41E}.Release|x64.Build.0 = Release|x64
		{F6149168-D1B1-4DF5-B1F9-C85B9C16D41E}.Release|x86.ActiveCfg = Release|Win32
		{F6149168-D1B1-4DF5-B1F9-C85B9C16D41E}.Release|x86.Build.0 = Release|Win32
	EndGlobalSection
	GlobalSection(SolutionProperties) = preSolution
		HideSolutionNode = FALSE
	EndGlobalSection
	GlobalSection(ExtensibilityGlobals) = postSolution
		SolutionGuid = {419E9F9A-E76D-4FD9-8DE4-732337919F90}
	EndGlobalSection
EndGlobal
